// !$*UTF8*$!
{
	archiveVersion = 1;
	classes = {
	};
	objectVersion = 50;
	objects = {

/* Begin PBXBuildFile section */
		DD58FC3820BFDA6900ABA38B /* AppDelegate.swift in Sources */ = {isa = PBXBuildFile; fileRef = DD58FC3720BFDA6900ABA38B /* AppDelegate.swift */; };
		DD58FC3A20BFDA6900ABA38B /* ViewController.swift in Sources */ = {isa = PBXBuildFile; fileRef = DD58FC3920BFDA6900ABA38B /* ViewController.swift */; };
		DD58FC3D20BFDA6900ABA38B /* Main.storyboard in Resources */ = {isa = PBXBuildFile; fileRef = DD58FC3B20BFDA6900ABA38B /* Main.storyboard */; };
		DD58FC3F20BFDA6B00ABA38B /* Assets.xcassets in Resources */ = {isa = PBXBuildFile; fileRef = DD58FC3E20BFDA6B00ABA38B /* Assets.xcassets */; };
		DD58FC4220BFDA6B00ABA38B /* LaunchScreen.storyboard in Resources */ = {isa = PBXBuildFile; fileRef = DD58FC4020BFDA6B00ABA38B /* LaunchScreen.storyboard */; };
		DD58FC8E20C1304300ABA38B /* crayon_1-1.ttf in Resources */ = {isa = PBXBuildFile; fileRef = DD58FC8D20C1304200ABA38B /* crayon_1-1.ttf */; };
/* End PBXBuildFile section */

/* Begin PBXFileReference section */
		DD58FC3420BFDA6900ABA38B /* fuckTimer.app */ = {isa = PBXFileReference; explicitFileType = wrapper.application; includeInIndex = 0; path = fuckTimer.app; sourceTree = BUILT_PRODUCTS_DIR; };
		DD58FC3720BFDA6900ABA38B /* AppDelegate.swift */ = {isa = PBXFileReference; lastKnownFileType = sourcecode.swift; path = AppDelegate.swift; sourceTree = "<group>"; };
		DD58FC3920BFDA6900ABA38B /* ViewController.swift */ = {isa = PBXFileReference; lastKnownFileType = sourcecode.swift; path = ViewController.swift; sourceTree = "<group>"; };
		DD58FC3C20BFDA6900ABA38B /* Base */ = {isa = PBXFileReference; lastKnownFileType = file.storyboard; name = Base; path = Base.lproj/Main.storyboard; sourceTree = "<group>"; };
		DD58FC3E20BFDA6B00ABA38B /* Assets.xcassets */ = {isa = PBXFileReference; lastKnownFileType = folder.assetcatalog; path = Assets.xcassets; sourceTree = "<group>"; };
		DD58FC4120BFDA6B00ABA38B /* Base */ = {isa = PBXFileReference; lastKnownFileType = file.storyboard; name = Base; path = Base.lproj/LaunchScreen.storyboard; sourceTree = "<group>"; };
		DD58FC4320BFDA6B00ABA38B /* Info.plist */ = {isa = PBXFileReference; lastKnownFileType = text.plist.xml; path = Info.plist; sourceTree = "<group>"; };
		DD58FC8D20C1304200ABA38B /* crayon_1-1.ttf */ = {isa = PBXFileReference; lastKnownFileType = file; path = "crayon_1-1.ttf"; sourceTree = "<group>"; };
/* End PBXFileReference section */

/* Begin PBXFrameworksBuildPhase section */
		DD58FC3120BFDA6900ABA38B /* Frameworks */ = {
			isa = PBXFrameworksBuildPhase;
			buildActionMask = 2147483647;
			files = (
			);
			runOnlyForDeploymentPostprocessing = 0;
		};
/* End PBXFrameworksBuildPhase section */

/* Begin PBXGroup section */
		DD58FC2B20BFDA6900ABA38B = {
			isa = PBXGroup;
			children = (
				DD58FC3620BFDA6900ABA38B /* fuckTimer */,
				DD58FC3520BFDA6900ABA38B /* Products */,
			);
			sourceTree = "<group>";
		};
		DD58FC3520BFDA6900ABA38B /* Products */ = {
			isa = PBXGroup;
			children = (
				DD58FC3420BFDA6900ABA38B /* fuckTimer.app */,
			);
			name = Products;
			sourceTree = "<group>";
		};
		DD58FC3620BFDA6900ABA38B /* fuckTimer */ = {
			isa = PBXGroup;
			children = (
				DD58FC8D20C1304200ABA38B /* crayon_1-1.ttf */,
				DD58FC3720BFDA6900ABA38B /* AppDelegate.swift */,
				DD58FC3920BFDA6900ABA38B /* ViewController.swift */,
				DD58FC3B20BFDA6900ABA38B /* Main.storyboard */,
				DD58FC3E20BFDA6B00ABA38B /* Assets.xcassets */,
				DD58FC4020BFDA6B00ABA38B /* LaunchScreen.storyboard */,
				DD58FC4320BFDA6B00ABA38B /* Info.plist */,
			);
			path = fuckTimer;
			sourceTree = "<group>";
		};
/* End PBXGroup section */

/* Begin PBXNativeTarget section */
		DD58FC3320BFDA6900ABA38B /* fuckTimer */ = {
			isa = PBXNativeTarget;
			buildConfigurationList = DD58FC4620BFDA6B00ABA38B /* Build configuration list for PBXNativeTarget "fuckTimer" */;
			buildPhases = (
				DD58FC3020BFDA6900ABA38B /* Sources */,
				DD58FC3120BFDA6900ABA38B /* Frameworks */,
				DD58FC3220BFDA6900ABA38B /* Resources */,
			);
			buildRules = (
			);
			dependencies = (
			);
			name = fuckTimer;
			productName = fuckTimer;
			productReference = DD58FC3420BFDA6900ABA38B /* fuckTimer.app */;
			productType = "com.apple.product-type.application";
		};
/* End PBXNativeTarget section */

/* Begin PBXProject section */
		DD58FC2C20BFDA6900ABA38B /* Project object */ = {
			isa = PBXProject;
			attributes = {
				LastSwiftUpdateCheck = 0930;
				LastUpgradeCheck = 0930;
				ORGANIZATIONNAME = "Chang Sophia";
				TargetAttributes = {
					DD58FC3320BFDA6900ABA38B = {
						CreatedOnToolsVersion = 9.3;
					};
				};
			};
			buildConfigurationList = DD58FC2F20BFDA6900ABA38B /* Build configuration list for PBXProject "fuckTimer" */;
			compatibilityVersion = "Xcode 9.3";
			developmentRegion = en;
			hasScannedForEncodings = 0;
			knownRegions = (
				en,
				Base,
			);
			mainGroup = DD58FC2B20BFDA6900ABA38B;
			productRefGroup = DD58FC3520BFDA6900ABA38B /* Products */;
			projectDirPath = "";
			projectRoot = "";
			targets = (
				DD58FC3320BFDA6900ABA38B /* fuckTimer */,
			);
		};
/* End PBXProject section */

/* Begin PBXResourcesBuildPhase section */
		DD58FC3220BFDA6900ABA38B /* Resources */ = {
			isa = PBXResourcesBuildPhase;
			buildActionMask = 2147483647;
			files = (
				DD58FC8E20C1304300ABA38B /* crayon_1-1.ttf in Resources */,
				DD58FC4220BFDA6B00ABA38B /* LaunchScreen.storyboard in Resources */,
				DD58FC3F20BFDA6B00ABA38B /* Assets.xcassets in Resources */,
				DD58FC3D20BFDA6900ABA38B /* Main.storyboard in Resources */,
			);
			runOnlyForDeploymentPostprocessing = 0;
		};
/* End PBXResourcesBuildPhase section */

/* Begin PBXSourcesBuildPhase section */
		DD58FC3020BFDA6900ABA38B /* Sources */ = {
			isa = PBXSourcesBuildPhase;
			buildActionMask = 2147483647;
			files = (
				DD58FC3A20BFDA6900ABA38B /* ViewController.swift in Sources */,
				DD58FC3820BFDA6900ABA38B /* AppDelegate.swift in Sources */,
			);
			runOnlyForDeploymentPostprocessing = 0;
		};
/* End PBXSourcesBuildPhase section */

/* Begin PBXVariantGroup section */
		DD58FC3B20BFDA6900ABA38B /* Main.storyboard */ = {
			isa = PBXVariantGroup;
			children = (
				DD58FC3C20BFDA6900ABA38B /* Base */,
			);
			name = Main.storyboard;
			sourceTree = "<group>";
		};
		DD58FC4020BFDA6B00ABA38B /* LaunchScreen.storyboard */ = {
			isa = PBXVariantGroup;
			children = (
				DD58FC4120BFDA6B00ABA38B /* Base */,
			);
			name = LaunchScreen.storyboard;
			sourceTree = "<group>";
		};
/* End PBXVariantGroup section */

/* Begin XCBuildConfiguration section */
		DD58FC4420BFDA6B00ABA38B /* Debug */ = {
			isa = XCBuildConfiguration;
			buildSettings = {
				ALWAYS_SEARCH_USER_PATHS = NO;
				CLANG_ANALYZER_NONNULL = YES;
				CLANG_ANALYZER_NUMBER_OBJECT_CONVERSION = YES_AGGRESSIVE;
				CLANG_CXX_LANGUAGE_STANDARD = "gnu++14";
				CLANG_CXX_LIBRARY = "libc++";
				CLANG_ENABLE_MODULES = YES;
				CLANG_ENABLE_OBJC_ARC = YES;
				CLANG_ENABLE_OBJC_WEAK = YES;
				CLANG_WARN_BLOCK_CAPTURE_AUTORELEASING = YES;
				CLANG_WARN_BOOL_CONVERSION = YES;
				CLANG_WARN_COMMA = YES;
				CLANG_WARN_CONSTANT_CONVERSION = YES;
				CLANG_WARN_DEPRECATED_OBJC_IMPLEMENTATIONS = YES;
				CLANG_WARN_DIRECT_OBJC_ISA_USAGE = YES_ERROR;
				CLANG_WARN_DOCUMENTATION_COMMENTS = YES;
				CLANG_WARN_EMPTY_BODY = YES;
				CLANG_WARN_ENUM_CONVERSION = YES;
				CLANG_WARN_INFINITE_RECURSION = YES;
				CLANG_WARN_INT_CONVERSION = YES;
				CLANG_WARN_NON_LITERAL_NULL_CONVERSION = YES;
				CLANG_WARN_OBJC_IMPLICIT_RETAIN_SELF = YES;
				CLANG_WARN_OBJC_LITERAL_CONVERSION = YES;
				CLANG_WARN_OBJC_ROOT_CLASS = YES_ERROR;
				CLANG_WARN_RANGE_LOOP_ANALYSIS = YES;
				CLANG_WARN_STRICT_PROTOTYPES = YES;
				CLANG_WARN_SUSPICIOUS_MOVE = YES;
				CLANG_WARN_UNGUARDED_AVAILABILITY = YES_AGGRESSIVE;
				CLANG_WARN_UNREACHABLE_CODE = YES;
				CLANG_WARN__DUPLICATE_METHOD_MATCH = YES;
				CODE_SIGN_IDENTITY = "iPhone Developer";
				COPY_PHASE_STRIP = NO;
				DEBUG_INFORMATION_FORMAT = dwarf;
				ENABLE_STRICT_OBJC_MSGSEND = YES;
				ENABLE_TESTABILITY = YES;
				GCC_C_LANGUAGE_STANDARD = gnu11;
				GCC_DYNAMIC_NO_PIC = NO;
				GCC_NO_COMMON_BLOCKS = YES;
				GCC_OPTIMIZATION_LEVEL = 0;
				GCC_PREPROCESSOR_DEFINITIONS = (
					"DEBUG=1",
					"$(inherited)",
				);
				GCC_WARN_64_TO_32_BIT_CONVERSION = YES;
				GCC_WARN_ABOUT_RETURN_TYPE = YES_ERROR;
				GCC_WARN_UNDECLARED_SELECTOR = YES;
				GCC_WARN_UNINITIALIZED_AUTOS = YES_AGGRESSIVE;
				GCC_WARN_UNUSED_FUNCTION = YES;
				GCC_WARN_UNUSED_VARIABLE = YES;
				IPHONEOS_DEPLOYMENT_TARGET = 11.3;
				MTL_ENABLE_DEBUG_INFO = YES;
				ONLY_ACTIVE_ARCH = YES;
				SDKROOT = iphoneos;
				SWIFT_ACTIVE_COMPILATION_CONDITIONS = DEBUG;
				SWIFT_OPTIMIZATION_LEVEL = "-Onone";
			};
			name = Debug;
		};
		DD58FC4520BFDA6B00ABA38B /* Release */ = {
			isa = XCBuildConfiguration;
			buildSettings = {
				ALWAYS_SEARCH_USER_PATHS = NO;
				CLANG_ANALYZER_NONNULL = YES;
				CLANG_ANALYZER_NUMBER_OBJECT_CONVERSION = YES_AGGRESSIVE;
				CLANG_CXX_LANGUAGE_STANDARD = "gnu++14";
				CLANG_CXX_LIBRARY = "libc++";
				CLANG_ENABLE_MODULES = YES;
				CLANG_ENABLE_OBJC_ARC = YES;
				CLANG_ENABLE_OBJC_WEAK = YES;
				CLANG_WARN_BLOCK_CAPTURE_AUTORELEASING = YES;
				CLANG_WARN_BOOL_CONVERSION = YES;
				CLANG_WARN_COMMA = YES;
				CLANG_WARN_CONSTANT_CONVERSION = YES;
				CLANG_WARN_DEPRECATED_OBJC_IMPLEMENTATIONS = YES;
				CLANG_WARN_DIRECT_OBJC_ISA_USAGE = YES_ERROR;
				CLANG_WARN_DOCUMENTATION_COMMENTS = YES;
				CLANG_WARN_EMPTY_BODY = YES;
				CLANG_WARN_ENUM_CONVERSION = YES;
				CLANG_WARN_INFINITE_RECURSION = YES;
				CLANG_WARN_INT_CONVERSION = YES;
				CLANG_WARN_NON_LITERAL_NULL_CONVERSION = YES;
				CLANG_WARN_OBJC_IMPLICIT_RETAIN_SELF = YES;
				CLANG_WARN_OBJC_LITERAL_CONVERSION = YES;
				CLANG_WARN_OBJC_ROOT_CLASS = YES_ERROR;
				CLANG_WARN_RANGE_LOOP_ANALYSIS = YES;
				CLANG_WARN_STRICT_PROTOTYPES = YES;
				CLANG_WARN_SUSPICIOUS_MOVE = YES;
				CLANG_WARN_UNGUARDED_AVAILABILITY = YES_AGGRESSIVE;
				CLANG_WARN_UNREACHABLE_CODE = YES;
				CLANG_WARN__DUPLICATE_METHOD_MATCH = YES;
				CODE_SIGN_IDENTITY = "iPhone Developer";
				COPY_PHASE_STRIP = NO;
				DEBUG_INFORMATION_FORMAT = "dwarf-with-dsym";
				ENABLE_NS_ASSERTIONS = NO;
				ENABLE_STRICT_OBJC_MSGSEND = YES;
				GCC_C_LANGUAGE_STANDARD = gnu11;
				GCC_NO_COMMON_BLOCKS = YES;
				GCC_WARN_64_TO_32_BIT_CONVERSION = YES;
				GCC_WARN_ABOUT_RETURN_TYPE = YES_ERROR;
				GCC_WARN_UNDECLARED_SELECTOR = YES;
				GCC_WARN_UNINITIALIZED_AUTOS = YES_AGGRESSIVE;
				GCC_WARN_UNUSED_FUNCTION = YES;
				GCC_WARN_UNUSED_VARIABLE = YES;
				IPHONEOS_DEPLOYMENT_TARGET = 11.3;
				MTL_ENABLE_DEBUG_INFO = NO;
				SDKROOT = iphoneos;
				SWIFT_COMPILATION_MODE = wholemodule;
				SWIFT_OPTIMIZATION_LEVEL = "-O";
				VALIDATE_PRODUCT = YES;
			};
			name = Release;
		};
		DD58FC4720BFDA6B00ABA38B /* Debug */ = {
			isa = XCBuildConfiguration;
			buildSettings = {
				ASSETCATALOG_COMPILER_APPICON_NAME = AppIcon;
				CODE_SIGN_STYLE = Automatic;
				DEVELOPMENT_TEAM = 3M66U64HQ4;
				INFOPLIST_FILE = fuckTimer/Info.plist;
				LD_RUNPATH_SEARCH_PATHS = (
					"$(inherited)",
					"@executable_path/Frameworks",
				);
				PRODUCT_BUNDLE_IDENTIFIER = com.gmb728.fuckTimer;
				PRODUCT_NAME = "$(TARGET_NAME)";
				SWIFT_VERSION = 4.0;
				TARGETED_DEVICE_FAMILY = "1,2";
			};
			name = Debug;
		};
		DD58FC4820BFDA6B00ABA38B /* Release */ = {
			isa = XCBuildConfiguration;
			buildSettings = {
				ASSETCATALOG_COMPILER_APPICON_NAME = AppIcon;
				CODE_SIGN_STYLE = Automatic;
				DEVELOPMENT_TEAM = 3M66U64HQ4;
				INFOPLIST_FILE = fuckTimer/Info.plist;
				LD_RUNPATH_SEARCH_PATHS = (
					"$(inherited)",
					"@executable_path/Frameworks",
				);
				PRODUCT_BUNDLE_IDENTIFIER = com.gmb728.fuckTimer;
				PRODUCT_NAME = "$(TARGET_NAME)";
				SWIFT_VERSION = 4.0;
				TARGETED_DEVICE_FAMILY = "1,2";
			};
			name = Release;
		};
/* End XCBuildConfiguration section */

/* Begin XCConfigurationList section */
		DD58FC2F20BFDA6900ABA38B /* Build configuration list for PBXProject "fuckTimer" */ = {
			isa = XCConfigurationList;
			buildConfigurations = (
				DD58FC4420BFDA6B00ABA38B /* Debug */,
				DD58FC4520BFDA6B00ABA38B /* Release */,
			);
			defaultConfigurationIsVisible = 0;
			defaultConfigurationName = Release;
		};
		DD58FC4620BFDA6B00ABA38B /* Build configuration list for PBXNativeTarget "fuckTimer" */ = {
			isa = XCConfigurationList;
			buildConfigurations = (
				DD58FC4720BFDA6B00ABA38B /* Debug */,
				DD58FC4820BFDA6B00ABA38B /* Release */,
			);
			defaultConfigurationIsVisible = 0;
			defaultConfigurationName = Release;
		};
/* End XCConfigurationList section */
	};
	rootObject = DD58FC2C20BFDA6900ABA38B /* Project object */;
}
